// !$*UTF8*$!
{
	archiveVersion = 1;
	classes = {
	};
	objectVersion = 48;
	objects = {

/* Begin PBXBuildFile section */
		7F02B65F208709CD006FE041 /* AppDelegate.m in Sources */ = {isa = PBXBuildFile; fileRef = 7F02B65E208709CD006FE041 /* AppDelegate.m */; };
		7F02B662208709CD006FE041 /* ViewController.m in Sources */ = {isa = PBXBuildFile; fileRef = 7F02B661208709CD006FE041 /* ViewController.m */; };
		7F02B665208709CD006FE041 /* Main.storyboard in Resources */ = {isa = PBXBuildFile; fileRef = 7F02B663208709CD006FE041 /* Main.storyboard */; };
		7F02B667208709CD006FE041 /* Assets.xcassets in Resources */ = {isa = PBXBuildFile; fileRef = 7F02B666208709CD006FE041 /* Assets.xcassets */; };
		7F02B66A208709CD006FE041 /* LaunchScreen.storyboard in Resources */ = {isa = PBXBuildFile; fileRef = 7F02B668208709CD006FE041 /* LaunchScreen.storyboard */; };
		7F02B66D208709CD006FE041 /* main.m in Sources */ = {isa = PBXBuildFile; fileRef = 7F02B66C208709CD006FE041 /* main.m */; };
		7F02B677208709CD006FE041 /* XZTabBarBadgeTests.m in Sources */ = {isa = PBXBuildFile; fileRef = 7F02B676208709CD006FE041 /* XZTabBarBadgeTests.m */; };
		7F02B682208709CE006FE041 /* XZTabBarBadgeUITests.m in Sources */ = {isa = PBXBuildFile; fileRef = 7F02B681208709CE006FE041 /* XZTabBarBadgeUITests.m */; };
/* End PBXBuildFile section */

/* Begin PBXContainerItemProxy section */
		7F02B673208709CD006FE041 /* PBXContainerItemProxy */ = {
			isa = PBXContainerItemProxy;
			containerPortal = 7F02B652208709CD006FE041 /* Project object */;
			proxyType = 1;
			remoteGlobalIDString = 7F02B659208709CD006FE041;
			remoteInfo = XZTabBarBadge;
		};
		7F02B67E208709CE006FE041 /* PBXContainerItemProxy */ = {
			isa = PBXContainerItemProxy;
			containerPortal = 7F02B652208709CD006FE041 /* Project object */;
			proxyType = 1;
			remoteGlobalIDString = 7F02B659208709CD006FE041;
			remoteInfo = XZTabBarBadge;
		};
/* End PBXContainerItemProxy section */

/* Begin PBXFileReference section */
		7F02B65A208709CD006FE041 /* XZTabBarBadge.app */ = {isa = PBXFileReference; explicitFileType = wrapper.application; includeInIndex = 0; path = XZTabBarBadge.app; sourceTree = BUILT_PRODUCTS_DIR; };
		7F02B65D208709CD006FE041 /* AppDelegate.h */ = {isa = PBXFileReference; lastKnownFileType = sourcecode.c.h; path = AppDelegate.h; sourceTree = "<group>"; };
		7F02B65E208709CD006FE041 /* AppDelegate.m */ = {isa = PBXFileReference; lastKnownFileType = sourcecode.c.objc; path = AppDelegate.m; sourceTree = "<group>"; };
		7F02B660208709CD006FE041 /* ViewController.h */ = {isa = PBXFileReference; lastKnownFileType = sourcecode.c.h; path = ViewController.h; sourceTree = "<group>"; };
		7F02B661208709CD006FE041 /* ViewController.m */ = {isa = PBXFileReference; lastKnownFileType = sourcecode.c.objc; path = ViewController.m; sourceTree = "<group>"; };
		7F02B664208709CD006FE041 /* Base */ = {isa = PBXFileReference; lastKnownFileType = file.storyboard; name = Base; path = Base.lproj/Main.storyboard; sourceTree = "<group>"; };
		7F02B666208709CD006FE041 /* Assets.xcassets */ = {isa = PBXFileReference; lastKnownFileType = folder.assetcatalog; path = Assets.xcassets; sourceTree = "<group>"; };
		7F02B669208709CD006FE041 /* Base */ = {isa = PBXFileReference; lastKnownFileType = file.storyboard; name = Base; path = Base.lproj/LaunchScreen.storyboard; sourceTree = "<group>"; };
		7F02B66B208709CD006FE041 /* Info.plist */ = {isa = PBXFileReference; lastKnownFileType = text.plist.xml; path = Info.plist; sourceTree = "<group>"; };
		7F02B66C208709CD006FE041 /* main.m */ = {isa = PBXFileReference; lastKnownFileType = sourcecode.c.objc; path = main.m; sourceTree = "<group>"; };
		7F02B672208709CD006FE041 /* XZTabBarBadgeTests.xctest */ = {isa = PBXFileReference; explicitFileType = wrapper.cfbundle; includeInIndex = 0; path = XZTabBarBadgeTests.xctest; sourceTree = BUILT_PRODUCTS_DIR; };
		7F02B676208709CD006FE041 /* XZTabBarBadgeTests.m */ = {isa = PBXFileReference; lastKnownFileType = sourcecode.c.objc; path = XZTabBarBadgeTests.m; sourceTree = "<group>"; };
		7F02B678208709CE006FE041 /* Info.plist */ = {isa = PBXFileReference; lastKnownFileType = text.plist.xml; path = Info.plist; sourceTree = "<group>"; };
		7F02B67D208709CE006FE041 /* XZTabBarBadgeUITests.xctest */ = {isa = PBXFileReference; explicitFileType = wrapper.cfbundle; includeInIndex = 0; path = XZTabBarBadgeUITests.xctest; sourceTree = BUILT_PRODUCTS_DIR; };
		7F02B681208709CE006FE041 /* XZTabBarBadgeUITests.m */ = {isa = PBXFileReference; lastKnownFileType = sourcecode.c.objc; path = XZTabBarBadgeUITests.m; sourceTree = "<group>"; };
		7F02B683208709CE006FE041 /* Info.plist */ = {isa = PBXFileReference; lastKnownFileType = text.plist.xml; path = Info.plist; sourceTree = "<group>"; };
/* End PBXFileReference section */

/* Begin PBXFrameworksBuildPhase section */
		7F02B657208709CD006FE041 /* Frameworks */ = {
			isa = PBXFrameworksBuildPhase;
			buildActionMask = 2147483647;
			files = (
			);
			runOnlyForDeploymentPostprocessing = 0;
		};
		7F02B66F208709CD006FE041 /* Frameworks */ = {
			isa = PBXFrameworksBuildPhase;
			buildActionMask = 2147483647;
			files = (
			);
			runOnlyForDeploymentPostprocessing = 0;
		};
		7F02B67A208709CE006FE041 /* Frameworks */ = {
			isa = PBXFrameworksBuildPhase;
			buildActionMask = 2147483647;
			files = (
			);
			runOnlyForDeploymentPostprocessing = 0;
		};
/* End PBXFrameworksBuildPhase section */

/* Begin PBXGroup section */
		7F02B651208709CD006FE041 = {
			isa = PBXGroup;
			children = (
				7F02B65C208709CD006FE041 /* XZTabBarBadge */,
				7F02B675208709CD006FE041 /* XZTabBarBadgeTests */,
				7F02B680208709CE006FE041 /* XZTabBarBadgeUITests */,
				7F02B65B208709CD006FE041 /* Products */,
			);
			sourceTree = "<group>";
		};
		7F02B65B208709CD006FE041 /* Products */ = {
			isa = PBXGroup;
			children = (
				7F02B65A208709CD006FE041 /* XZTabBarBadge.app */,
				7F02B672208709CD006FE041 /* XZTabBarBadgeTests.xctest */,
				7F02B67D208709CE006FE041 /* XZTabBarBadgeUITests.xctest */,
			);
			name = Products;
			sourceTree = "<group>";
		};
		7F02B65C208709CD006FE041 /* XZTabBarBadge */ = {
			isa = PBXGroup;
			children = (
				7F02B65D208709CD006FE041 /* AppDelegate.h */,
				7F02B65E208709CD006FE041 /* AppDelegate.m */,
				7F02B660208709CD006FE041 /* ViewController.h */,
				7F02B661208709CD006FE041 /* ViewController.m */,
				7F02B663208709CD006FE041 /* Main.storyboard */,
				7F02B666208709CD006FE041 /* Assets.xcassets */,
				7F02B668208709CD006FE041 /* LaunchScreen.storyboard */,
				7F02B66B208709CD006FE041 /* Info.plist */,
				7F02B66C208709CD006FE041 /* main.m */,
			);
			path = XZTabBarBadge;
			sourceTree = "<group>";
		};
		7F02B675208709CD006FE041 /* XZTabBarBadgeTests */ = {
			isa = PBXGroup;
			children = (
				7F02B676208709CD006FE041 /* XZTabBarBadgeTests.m */,
				7F02B678208709CE006FE041 /* Info.plist */,
			);
			path = XZTabBarBadgeTests;
			sourceTree = "<group>";
		};
		7F02B680208709CE006FE041 /* XZTabBarBadgeUITests */ = {
			isa = PBXGroup;
			children = (
				7F02B681208709CE006FE041 /* XZTabBarBadgeUITests.m */,
				7F02B683208709CE006FE041 /* Info.plist */,
			);
			path = XZTabBarBadgeUITests;
			sourceTree = "<group>";
		};
/* End PBXGroup section */

/* Begin PBXNativeTarget section */
		7F02B659208709CD006FE041 /* XZTabBarBadge */ = {
			isa = PBXNativeTarget;
			buildConfigurationList = 7F02B686208709CE006FE041 /* Build configuration list for PBXNativeTarget "XZTabBarBadge" */;
			buildPhases = (
				7F02B656208709CD006FE041 /* Sources */,
				7F02B657208709CD006FE041 /* Frameworks */,
				7F02B658208709CD006FE041 /* Resources */,
			);
			buildRules = (
			);
			dependencies = (
			);
			name = XZTabBarBadge;
			productName = XZTabBarBadge;
			productReference = 7F02B65A208709CD006FE041 /* XZTabBarBadge.app */;
			productType = "com.apple.product-type.application";
		};
		7F02B671208709CD006FE041 /* XZTabBarBadgeTests */ = {
			isa = PBXNativeTarget;
			buildConfigurationList = 7F02B689208709CE006FE041 /* Build configuration list for PBXNativeTarget "XZTabBarBadgeTests" */;
			buildPhases = (
				7F02B66E208709CD006FE041 /* Sources */,
				7F02B66F208709CD006FE041 /* Frameworks */,
				7F02B670208709CD006FE041 /* Resources */,
			);
			buildRules = (
			);
			dependencies = (
				7F02B674208709CD006FE041 /* PBXTargetDependency */,
			);
			name = XZTabBarBadgeTests;
			productName = XZTabBarBadgeTests;
			productReference = 7F02B672208709CD006FE041 /* XZTabBarBadgeTests.xctest */;
			productType = "com.apple.product-type.bundle.unit-test";
		};
		7F02B67C208709CE006FE041 /* XZTabBarBadgeUITests */ = {
			isa = PBXNativeTarget;
			buildConfigurationList = 7F02B68C208709CE006FE041 /* Build configuration list for PBXNativeTarget "XZTabBarBadgeUITests" */;
			buildPhases = (
				7F02B679208709CE006FE041 /* Sources */,
				7F02B67A208709CE006FE041 /* Frameworks */,
				7F02B67B208709CE006FE041 /* Resources */,
			);
			buildRules = (
			);
			dependencies = (
				7F02B67F208709CE006FE041 /* PBXTargetDependency */,
			);
			name = XZTabBarBadgeUITests;
			productName = XZTabBarBadgeUITests;
			productReference = 7F02B67D208709CE006FE041 /* XZTabBarBadgeUITests.xctest */;
			productType = "com.apple.product-type.bundle.ui-testing";
		};
/* End PBXNativeTarget section */

/* Begin PBXProject section */
		7F02B652208709CD006FE041 /* Project object */ = {
			isa = PBXProject;
			attributes = {
				LastUpgradeCheck = 0920;
				ORGANIZATIONNAME = "cao yue";
				TargetAttributes = {
					7F02B659208709CD006FE041 = {
						CreatedOnToolsVersion = 9.2;
						ProvisioningStyle = Automatic;
					};
					7F02B671208709CD006FE041 = {
						CreatedOnToolsVersion = 9.2;
						ProvisioningStyle = Automatic;
						TestTargetID = 7F02B659208709CD006FE041;
					};
					7F02B67C208709CE006FE041 = {
						CreatedOnToolsVersion = 9.2;
						ProvisioningStyle = Automatic;
						TestTargetID = 7F02B659208709CD006FE041;
					};
				};
			};
			buildConfigurationList = 7F02B655208709CD006FE041 /* Build configuration list for PBXProject "XZTabBarBadge" */;
			compatibilityVersion = "Xcode 8.0";
			developmentRegion = en;
			hasScannedForEncodings = 0;
			knownRegions = (
				en,
				Base,
			);
			mainGroup = 7F02B651208709CD006FE041;
			productRefGroup = 7F02B65B208709CD006FE041 /* Products */;
			projectDirPath = "";
			projectRoot = "";
			targets = (
				7F02B659208709CD006FE041 /* XZTabBarBadge */,
				7F02B671208709CD006FE041 /* XZTabBarBadgeTests */,
				7F02B67C208709CE006FE041 /* XZTabBarBadgeUITests */,
			);
		};
/* End PBXProject section */

/* Begin PBXResourcesBuildPhase section */
		7F02B658208709CD006FE041 /* Resources */ = {
			isa = PBXResourcesBuildPhase;
			buildActionMask = 2147483647;
			files = (
				7F02B66A208709CD006FE041 /* LaunchScreen.storyboard in Resources */,
				7F02B667208709CD006FE041 /* Assets.xcassets in Resources */,
				7F02B665208709CD006FE041 /* Main.storyboard in Resources */,
			);
			runOnlyForDeploymentPostprocessing = 0;
		};
		7F02B670208709CD006FE041 /* Resources */ = {
			isa = PBXResourcesBuildPhase;
			buildActionMask = 2147483647;
			files = (
			);
			runOnlyForDeploymentPostprocessing = 0;
		};
		7F02B67B208709CE006FE041 /* Resources */ = {
			isa = PBXResourcesBuildPhase;
			buildActionMask = 2147483647;
			files = (
			);
			runOnlyForDeploymentPostprocessing = 0;
		};
/* End PBXResourcesBuildPhase section */

/* Begin PBXSourcesBuildPhase section */
		7F02B656208709CD006FE041 /* Sources */ = {
			isa = PBXSourcesBuildPhase;
			buildActionMask = 2147483647;
			files = (
				7F02B662208709CD006FE041 /* ViewController.m in Sources */,
				7F02B66D208709CD006FE041 /* main.m in Sources */,
				7F02B65F208709CD006FE041 /* AppDelegate.m in Sources */,
			);
			runOnlyForDeploymentPostprocessing = 0;
		};
		7F02B66E208709CD006FE041 /* Sources */ = {
			isa = PBXSourcesBuildPhase;
			buildActionMask = 2147483647;
			files = (
				7F02B677208709CD006FE041 /* XZTabBarBadgeTests.m in Sources */,
			);
			runOnlyForDeploymentPostprocessing = 0;
		};
		7F02B679208709CE006FE041 /* Sources */ = {
			isa = PBXSourcesBuildPhase;
			buildActionMask = 2147483647;
			files = (
				7F02B682208709CE006FE041 /* XZTabBarBadgeUITests.m in Sources */,
			);
			runOnlyForDeploymentPostprocessing = 0;
		};
/* End PBXSourcesBuildPhase section */

/* Begin PBXTargetDependency section */
		7F02B674208709CD006FE041 /* PBXTargetDependency */ = {
			isa = PBXTargetDependency;
			target = 7F02B659208709CD006FE041 /* XZTabBarBadge */;
			targetProxy = 7F02B673208709CD006FE041 /* PBXContainerItemProxy */;
		};
		7F02B67F208709CE006FE041 /* PBXTargetDependency */ = {
			isa = PBXTargetDependency;
			target = 7F02B659208709CD006FE041 /* XZTabBarBadge */;
			targetProxy = 7F02B67E208709CE006FE041 /* PBXContainerItemProxy */;
		};
/* End PBXTargetDependency section */

/* Begin PBXVariantGroup section */
		7F02B663208709CD006FE041 /* Main.storyboard */ = {
			isa = PBXVariantGroup;
			children = (
				7F02B664208709CD006FE041 /* Base */,
			);
			name = Main.storyboard;
			sourceTree = "<group>";
		};
		7F02B668208709CD006FE041 /* LaunchScreen.storyboard */ = {
			isa = PBXVariantGroup;
			children = (
				7F02B669208709CD006FE041 /* Base */,
			);
			name = LaunchScreen.storyboard;
			sourceTree = "<group>";
		};
/* End PBXVariantGroup section */

/* Begin XCBuildConfiguration section */
		7F02B684208709CE006FE041 /* Debug */ = {
			isa = XCBuildConfiguration;
			buildSettings = {
				ALWAYS_SEARCH_USER_PATHS = NO;
				CLANG_ANALYZER_NONNULL = YES;
				CLANG_ANALYZER_NUMBER_OBJECT_CONVERSION = YES_AGGRESSIVE;
				CLANG_CXX_LANGUAGE_STANDARD = "gnu++14";
				CLANG_CXX_LIBRARY = "libc++";
				CLANG_ENABLE_MODULES = YES;
				CLANG_ENABLE_OBJC_ARC = YES;
				CLANG_WARN_BLOCK_CAPTURE_AUTORELEASING = YES;
				CLANG_WARN_BOOL_CONVERSION = YES;
				CLANG_WARN_COMMA = YES;
				CLANG_WARN_CONSTANT_CONVERSION = YES;
				CLANG_WARN_DIRECT_OBJC_ISA_USAGE = YES_ERROR;
				CLANG_WARN_DOCUMENTATION_COMMENTS = YES;
				CLANG_WARN_EMPTY_BODY = YES;
				CLANG_WARN_ENUM_CONVERSION = YES;
				CLANG_WARN_INFINITE_RECURSION = YES;
				CLANG_WARN_INT_CONVERSION = YES;
				CLANG_WARN_NON_LITERAL_NULL_CONVERSION = YES;
				CLANG_WARN_OBJC_LITERAL_CONVERSION = YES;
				CLANG_WARN_OBJC_ROOT_CLASS = YES_ERROR;
				CLANG_WARN_RANGE_LOOP_ANALYSIS = YES;
				CLANG_WARN_STRICT_PROTOTYPES = YES;
				CLANG_WARN_SUSPICIOUS_MOVE = YES;
				CLANG_WARN_UNGUARDED_AVAILABILITY = YES_AGGRESSIVE;
				CLANG_WARN_UNREACHABLE_CODE = YES;
				CLANG_WARN__DUPLICATE_METHOD_MATCH = YES;
				CODE_SIGN_IDENTITY = "iPhone Developer";
				COPY_PHASE_STRIP = NO;
				DEBUG_INFORMATION_FORMAT = dwarf;
				ENABLE_STRICT_OBJC_MSGSEND = YES;
				ENABLE_TESTABILITY = YES;
				GCC_C_LANGUAGE_STANDARD = gnu11;
				GCC_DYNAMIC_NO_PIC = NO;
				GCC_NO_COMMON_BLOCKS = YES;
				GCC_OPTIMIZATION_LEVEL = 0;
				GCC_PREPROCESSOR_DEFINITIONS = (
					"DEBUG=1",
					"$(inherited)",
				);
				GCC_WARN_64_TO_32_BIT_CONVERSION = YES;
				GCC_WARN_ABOUT_RETURN_TYPE = YES_ERROR;
				GCC_WARN_UNDECLARED_SELECTOR = YES;
				GCC_WARN_UNINITIALIZED_AUTOS = YES_AGGRESSIVE;
				GCC_WARN_UNUSED_FUNCTION = YES;
				GCC_WARN_UNUSED_VARIABLE = YES;
				IPHONEOS_DEPLOYMENT_TARGET = 11.2;
				MTL_ENABLE_DEBUG_INFO = YES;
				ONLY_ACTIVE_ARCH = YES;
				SDKROOT = iphoneos;
			};
			name = Debug;
		};
		7F02B685208709CE006FE041 /* Release */ = {
			isa = XCBuildConfiguration;
			buildSettings = {
				ALWAYS_SEARCH_USER_PATHS = NO;
				CLANG_ANALYZER_NONNULL = YES;
				CLANG_ANALYZER_NUMBER_OBJECT_CONVERSION = YES_AGGRESSIVE;
				CLANG_CXX_LANGUAGE_STANDARD = "gnu++14";
				CLANG_CXX_LIBRARY = "libc++";
				CLANG_ENABLE_MODULES = YES;
				CLANG_ENABLE_OBJC_ARC = YES;
				CLANG_WARN_BLOCK_CAPTURE_AUTORELEASING = YES;
				CLANG_WARN_BOOL_CONVERSION = YES;
				CLANG_WARN_COMMA = YES;
				CLANG_WARN_CONSTANT_CONVERSION = YES;
				CLANG_WARN_DIRECT_OBJC_ISA_USAGE = YES_ERROR;
				CLANG_WARN_DOCUMENTATION_COMMENTS = YES;
				CLANG_WARN_EMPTY_BODY = YES;
				CLANG_WARN_ENUM_CONVERSION = YES;
				CLANG_WARN_INFINITE_RECURSION = YES;
				CLANG_WARN_INT_CONVERSION = YES;
				CLANG_WARN_NON_LITERAL_NULL_CONVERSION = YES;
				CLANG_WARN_OBJC_LITERAL_CONVERSION = YES;
				CLANG_WARN_OBJC_ROOT_CLASS = YES_ERROR;
				CLANG_WARN_RANGE_LOOP_ANALYSIS = YES;
				CLANG_WARN_STRICT_PROTOTYPES = YES;
				CLANG_WARN_SUSPICIOUS_MOVE = YES;
				CLANG_WARN_UNGUARDED_AVAILABILITY = YES_AGGRESSIVE;
				CLANG_WARN_UNREACHABLE_CODE = YES;
				CLANG_WARN__DUPLICATE_METHOD_MATCH = YES;
				CODE_SIGN_IDENTITY = "iPhone Developer";
				COPY_PHASE_STRIP = NO;
				DEBUG_INFORMATION_FORMAT = "dwarf-with-dsym";
				ENABLE_NS_ASSERTIONS = NO;
				ENABLE_STRICT_OBJC_MSGSEND = YES;
				GCC_C_LANGUAGE_STANDARD = gnu11;
				GCC_NO_COMMON_BLOCKS = YES;
				GCC_WARN_64_TO_32_BIT_CONVERSION = YES;
				GCC_WARN_ABOUT_RETURN_TYPE = YES_ERROR;
				GCC_WARN_UNDECLARED_SELECTOR = YES;
				GCC_WARN_UNINITIALIZED_AUTOS = YES_AGGRESSIVE;
				GCC_WARN_UNUSED_FUNCTION = YES;
				GCC_WARN_UNUSED_VARIABLE = YES;
				IPHONEOS_DEPLOYMENT_TARGET = 11.2;
				MTL_ENABLE_DEBUG_INFO = NO;
				SDKROOT = iphoneos;
				VALIDATE_PRODUCT = YES;
			};
			name = Release;
		};
		7F02B687208709CE006FE041 /* Debug */ = {
			isa = XCBuildConfiguration;
			buildSettings = {
				ASSETCATALOG_COMPILER_APPICON_NAME = AppIcon;
				CODE_SIGN_STYLE = Automatic;
				INFOPLIST_FILE = XZTabBarBadge/Info.plist;
				LD_RUNPATH_SEARCH_PATHS = "$(inherited) @executable_path/Frameworks";
				PRODUCT_BUNDLE_IDENTIFIER = CAO.XZTabBarBadge;
				PRODUCT_NAME = "$(TARGET_NAME)";
				TARGETED_DEVICE_FAMILY = "1,2";
			};
			name = Debug;
		};
		7F02B688208709CE006FE041 /* Release */ = {
			isa = XCBuildConfiguration;
			buildSettings = {
				ASSETCATALOG_COMPILER_APPICON_NAME = AppIcon;
				CODE_SIGN_STYLE = Automatic;
				INFOPLIST_FILE = XZTabBarBadge/Info.plist;
				LD_RUNPATH_SEARCH_PATHS = "$(inherited) @executable_path/Frameworks";
				PRODUCT_BUNDLE_IDENTIFIER = CAO.XZTabBarBadge;
				PRODUCT_NAME = "$(TARGET_NAME)";
				TARGETED_DEVICE_FAMILY = "1,2";
			};
			name = Release;
		};
		7F02B68A208709CE006FE041 /* Debug */ = {
			isa = XCBuildConfiguration;
			buildSettings = {
				BUNDLE_LOADER = "$(TEST_HOST)";
				CODE_SIGN_STYLE = Automatic;
				INFOPLIST_FILE = XZTabBarBadgeTests/Info.plist;
				LD_RUNPATH_SEARCH_PATHS = "$(inherited) @executable_path/Frameworks @loader_path/Frameworks";
				PRODUCT_BUNDLE_IDENTIFIER = CAO.XZTabBarBadgeTests;
				PRODUCT_NAME = "$(TARGET_NAME)";
				TARGETED_DEVICE_FAMILY = "1,2";
				TEST_HOST = "$(BUILT_PRODUCTS_DIR)/XZTabBarBadge.app/XZTabBarBadge";
			};
			name = Debug;
		};
		7F02B68B208709CE006FE041 /* Release */ = {
			isa = XCBuildConfiguration;
			buildSettings = {
				BUNDLE_LOADER = "$(TEST_HOST)";
				CODE_SIGN_STYLE = Automatic;
				INFOPLIST_FILE = XZTabBarBadgeTests/Info.plist;
				LD_RUNPATH_SEARCH_PATHS = "$(inherited) @executable_path/Frameworks @loader_path/Frameworks";
				PRODUCT_BUNDLE_IDENTIFIER = CAO.XZTabBarBadgeTests;
				PRODUCT_NAME = "$(TARGET_NAME)";
				TARGETED_DEVICE_FAMILY = "1,2";
				TEST_HOST = "$(BUILT_PRODUCTS_DIR)/XZTabBarBadge.app/XZTabBarBadge";
			};
			name = Release;
		};
		7F02B68D208709CE006FE041 /* Debug */ = {
			isa = XCBuildConfiguration;
			buildSettings = {
				CODE_SIGN_STYLE = Automatic;
				INFOPLIST_FILE = XZTabBarBadgeUITests/Info.plist;
				LD_RUNPATH_SEARCH_PATHS = "$(inherited) @executable_path/Frameworks @loader_path/Frameworks";
				PRODUCT_BUNDLE_IDENTIFIER = CAO.XZTabBarBadgeUITests;
				PRODUCT_NAME = "$(TARGET_NAME)";
				TARGETED_DEVICE_FAMILY = "1,2";
				TEST_TARGET_NAME = XZTabBarBadge;
			};
			name = Debug;
		};
		7F02B68E208709CE006FE041 /* Release */ = {
			isa = XCBuildConfiguration;
			buildSettings = {
				CODE_SIGN_STYLE = Automatic;
				INFOPLIST_FILE = XZTabBarBadgeUITests/Info.plist;
				LD_RUNPATH_SEARCH_PATHS = "$(inherited) @executable_path/Frameworks @loader_path/Frameworks";
				PRODUCT_BUNDLE_IDENTIFIER = CAO.XZTabBarBadgeUITests;
				PRODUCT_NAME = "$(TARGET_NAME)";
				TARGETED_DEVICE_FAMILY = "1,2";
				TEST_TARGET_NAME = XZTabBarBadge;
			};
			name = Release;
		};
/* End XCBuildConfiguration section */

/* Begin XCConfigurationList section */
		7F02B655208709CD006FE041 /* Build configuration list for PBXProject "XZTabBarBadge" */ = {
			isa = XCConfigurationList;
			buildConfigurations = (
				7F02B684208709CE006FE041 /* Debug */,
				7F02B685208709CE006FE041 /* Release */,
			);
			defaultConfigurationIsVisible = 0;
			defaultConfigurationName = Release;
		};
		7F02B686208709CE006FE041 /* Build configuration list for PBXNativeTarget "XZTabBarBadge" */ = {
			isa = XCConfigurationList;
			buildConfigurations = (
				7F02B687208709CE006FE041 /* Debug */,
				7F02B688208709CE006FE041 /* Release */,
			);
			defaultConfigurationIsVisible = 0;
			defaultConfigurationName = Release;
		};
		7F02B689208709CE006FE041 /* Build configuration list for PBXNativeTarget "XZTabBarBadgeTests" */ = {
			isa = XCConfigurationList;
			buildConfigurations = (
				7F02B68A208709CE006FE041 /* Debug */,
				7F02B68B208709CE006FE041 /* Release */,
			);
			defaultConfigurationIsVisible = 0;
			defaultConfigurationName = Release;
		};
		7F02B68C208709CE006FE041 /* Build configuration list for PBXNativeTarget "XZTabBarBadgeUITests" */ = {
			isa = XCConfigurationList;
			buildConfigurations = (
				7F02B68D208709CE006FE041 /* Debug */,
				7F02B68E208709CE006FE041 /* Release */,
			);
			defaultConfigurationIsVisible = 0;
			defaultConfigurationName = Release;
		};
/* End XCConfigurationList section */
	};
	rootObject = 7F02B652208709CD006FE041 /* Project object */;
}
